
Microsoft Visual Studio Solution File, Format Version 12.00
# Visual Studio Version 16
VisualStudioVersion = 16.0.29709.97
MinimumVisualStudioVersion = 10.0.40219.1
Project("{FAE04EC0-301F-11D3-BF4B-00C04F79EFBC}") = "m0HelloWorld", "m0HelloWorld\m0HelloWorld.csproj", "{E4989593-A5E1-44EF-87DF-BD583D95CC94}"
EndProject
Project("{FAE04EC0-301F-11D3-BF4B-00C04F79EFBC}") = "DConsole", "DConsole\DConsole.csproj", "{1B2179F0-12C4-4C49-9EFC-38E300B3E9DB}"
EndProject
Project("{FAE04EC0-301F-11D3-BF4B-00C04F79EFBC}") = "DBool", "..\DBool\DBool.csproj", "{2679F572-11EE-490F-BBCF-594E713F6078}"
EndProject
Project("{9A19103F-16F7-4668-BE54-9A1E7A4F7556}") = "DString", "DString\DString.csproj", "{62794853-B727-4FA7-871E-3A37A3F8F33B}"
EndProject
Project("{9A19103F-16F7-4668-BE54-9A1E7A4F7556}") = "Dint", "Dint\Dint.csproj", "{AEFE532F-8AAD-4706-B314-38EC005EC347}"
EndProject
Project("{9A19103F-16F7-4668-BE54-9A1E7A4F7556}") = "Taschenrechner", "Taschenrechner\Taschenrechner.csproj", "{9934FE30-3F76-48ED-89CA-CF2DC2557362}"
EndProject
Project("{9A19103F-16F7-4668-BE54-9A1E7A4F7556}") = "DArray", "DArray\DArray.csproj", "{4C2D8665-F745-40CE-9681-8519AE40B4AB}"
EndProject
Project("{9A19103F-16F7-4668-BE54-9A1E7A4F7556}") = "M3Zahlenratespiel", "M3Zahlenratespiel\M3Zahlenratespiel.csproj", "{E77A529B-22E7-463D-BA59-617CD446AF12}"
EndProject
Project("{FAE04EC0-301F-11D3-BF4B-00C04F79EFBC}") = "Ddouble", "Ddouble\Ddouble.csproj", "{28DB8C91-8E52-48C9-B3FF-675EE7DDBEDF}"
EndProject
Project("{FAE04EC0-301F-11D3-BF4B-00C04F79EFBC}") = "Denum", "Denum\Denum.csproj", "{1006A51E-90DE-406A-8B7D-72B452728EBD}"
EndProject
Project("{FAE04EC0-301F-11D3-BF4B-00C04F79EFBC}") = "Methoden", "Methoden\Methoden.csproj", "{69F2F31E-D322-4AA1-B9F9-EBAB32C7A479}"
EndProject
Project("{FAE04EC0-301F-11D3-BF4B-00C04F79EFBC}") = "DClass", "DClass\DClass.csproj", "{ED3FEC72-5F46-4BD4-AB9B-E1DFC5EF8FA3}"
EndProject
Project("{FAE04EC0-301F-11D3-BF4B-00C04F79EFBC}") = "DuseClass", "DuseClass\DuseClass.csproj", "{0A7AD19E-2CBB-432C-8A3C-EDC27EF79DBC}"
EndProject
Global
	GlobalSection(SolutionConfigurationPlatforms) = preSolution
		Debug|Any CPU = Debug|Any CPU
		Release|Any CPU = Release|Any CPU
	EndGlobalSection
	GlobalSection(ProjectConfigurationPlatforms) = postSolution
		{E4989593-A5E1-44EF-87DF-BD583D95CC94}.Debug|Any CPU.ActiveCfg = Debug|Any CPU
		{E4989593-A5E1-44EF-87DF-BD583D95CC94}.Debug|Any CPU.Build.0 = Debug|Any CPU
		{E4989593-A5E1-44EF-87DF-BD583D95CC94}.Release|Any CPU.ActiveCfg = Release|Any CPU
		{E4989593-A5E1-44EF-87DF-BD583D95CC94}.Release|Any CPU.Build.0 = Release|Any CPU
		{1B2179F0-12C4-4C49-9EFC-38E300B3E9DB}.Debug|Any CPU.ActiveCfg = Debug|Any CPU
		{1B2179F0-12C4-4C49-9EFC-38E300B3E9DB}.Debug|Any CPU.Build.0 = Debug|Any CPU
		{1B2179F0-12C4-4C49-9EFC-38E300B3E9DB}.Release|Any CPU.ActiveCfg = Release|Any CPU
		{1B2179F0-12C4-4C49-9EFC-38E300B3E9DB}.Release|Any CPU.Build.0 = Release|Any CPU
		{2679F572-11EE-490F-BBCF-594E713F6078}.Debug|Any CPU.ActiveCfg = Debug|Any CPU
		{2679F572-11EE-490F-BBCF-594E713F6078}.Debug|Any CPU.Build.0 = Debug|Any CPU
		{2679F572-11EE-490F-BBCF-594E713F6078}.Release|Any CPU.ActiveCfg = Release|Any CPU
		{2679F572-11EE-490F-BBCF-594E713F6078}.Release|Any CPU.Build.0 = Release|Any CPU
		{62794853-B727-4FA7-871E-3A37A3F8F33B}.Debug|Any CPU.ActiveCfg = Debug|Any CPU
		{62794853-B727-4FA7-871E-3A37A3F8F33B}.Debug|Any CPU.Build.0 = Debug|Any CPU
		{62794853-B727-4FA7-871E-3A37A3F8F33B}.Release|Any CPU.ActiveCfg = Release|Any CPU
		{62794853-B727-4FA7-871E-3A37A3F8F33B}.Release|Any CPU.Build.0 = Release|Any CPU
		{AEFE532F-8AAD-4706-B314-38EC005EC347}.Debug|Any CPU.ActiveCfg = Debug|Any CPU
		{AEFE532F-8AAD-4706-B314-38EC005EC347}.Debug|Any CPU.Build.0 = Debug|Any CPU
		{AEFE532F-8AAD-4706-B314-38EC005EC347}.Release|Any CPU.ActiveCfg = Release|Any CPU
		{AEFE532F-8AAD-4706-B314-38EC005EC347}.Release|Any CPU.Build.0 = Release|Any CPU
		{9934FE30-3F76-48ED-89CA-CF2DC2557362}.Debug|Any CPU.ActiveCfg = Debug|Any CPU
		{9934FE30-3F76-48ED-89CA-CF2DC2557362}.Debug|Any CPU.Build.0 = Debug|Any CPU
		{9934FE30-3F76-48ED-89CA-CF2DC2557362}.Release|Any CPU.ActiveCfg = Release|Any CPU
		{9934FE30-3F76-48ED-89CA-CF2DC2557362}.Release|Any CPU.Build.0 = Release|Any CPU
		{4C2D8665-F745-40CE-9681-8519AE40B4AB}.Debug|Any CPU.ActiveCfg = Debug|Any CPU
		{4C2D8665-F745-40CE-9681-8519AE40B4AB}.Debug|Any CPU.Build.0 = Debug|Any CPU
		{4C2D8665-F745-40CE-9681-8519AE40B4AB}.Release|Any CPU.ActiveCfg = Release|Any CPU
		{4C2D8665-F745-40CE-9681-8519AE40B4AB}.Release|Any CPU.Build.0 = Release|Any CPU
		{E77A529B-22E7-463D-BA59-617CD446AF12}.Debug|Any CPU.ActiveCfg = Debug|Any CPU
		{E77A529B-22E7-463D-BA59-617CD446AF12}.Debug|Any CPU.Build.0 = Debug|Any CPU
		{E77A529B-22E7-463D-BA59-617CD446AF12}.Release|Any CPU.ActiveCfg = Release|Any CPU
		{E77A529B-22E7-463D-BA59-617CD446AF12}.Release|Any CPU.Build.0 = Release|Any CPU
		{28DB8C91-8E52-48C9-B3FF-675EE7DDBEDF}.Debug|Any CPU.ActiveCfg = Debug|Any CPU
		{28DB8C91-8E52-48C9-B3FF-675EE7DDBEDF}.Debug|Any CPU.Build.0 = Debug|Any CPU
		{28DB8C91-8E52-48C9-B3FF-675EE7DDBEDF}.Release|Any CPU.ActiveCfg = Release|Any CPU
		{28DB8C91-8E52-48C9-B3FF-675EE7DDBEDF}.Release|Any CPU.Build.0 = Release|Any CPU
		{1006A51E-90DE-406A-8B7D-72B452728EBD}.Debug|Any CPU.ActiveCfg = Debug|Any CPU
		{1006A51E-90DE-406A-8B7D-72B452728EBD}.Debug|Any CPU.Build.0 = Debug|Any CPU
		{1006A51E-90DE-406A-8B7D-72B452728EBD}.Release|Any CPU.ActiveCfg = Release|Any CPU
		{1006A51E-90DE-406A-8B7D-72B452728EBD}.Release|Any CPU.Build.0 = Release|Any CPU
		{69F2F31E-D322-4AA1-B9F9-EBAB32C7A479}.Debug|Any CPU.ActiveCfg = Debug|Any CPU
		{69F2F31E-D322-4AA1-B9F9-EBAB32C7A479}.Debug|Any CPU.Build.0 = Debug|Any CPU
		{69F2F31E-D322-4AA1-B9F9-EBAB32C7A479}.Release|Any CPU.ActiveCfg = Release|Any CPU
		{69F2F31E-D322-4AA1-B9F9-EBAB32C7A479}.Release|Any CPU.Build.0 = Release|Any CPU
		{ED3FEC72-5F46-4BD4-AB9B-E1DFC5EF8FA3}.Debug|Any CPU.ActiveCfg = Debug|Any CPU
		{ED3FEC72-5F46-4BD4-AB9B-E1DFC5EF8FA3}.Debug|Any CPU.Build.0 = Debug|Any CPU
		{ED3FEC72-5F46-4BD4-AB9B-E1DFC5EF8FA3}.Release|Any CPU.ActiveCfg = Release|Any CPU
		{ED3FEC72-5F46-4BD4-AB9B-E1DFC5EF8FA3}.Release|Any CPU.Build.0 = Release|Any CPU
		{0A7AD19E-2CBB-432C-8A3C-EDC27EF79DBC}.Debug|Any CPU.ActiveCfg = Debug|Any CPU
		{0A7AD19E-2CBB-432C-8A3C-EDC27EF79DBC}.Debug|Any CPU.Build.0 = Debug|Any CPU
		{0A7AD19E-2CBB-432C-8A3C-EDC27EF79DBC}.Release|Any CPU.ActiveCfg = Release|Any CPU
		{0A7AD19E-2CBB-432C-8A3C-EDC27EF79DBC}.Release|Any CPU.Build.0 = Release|Any CPU
	EndGlobalSection
	GlobalSection(SolutionProperties) = preSolution
		HideSolutionNode = FALSE
	EndGlobalSection
	GlobalSection(ExtensibilityGlobals) = postSolution
		SolutionGuid = {8E0773C3-8446-4660-AD64-2139B743491E}
	EndGlobalSection
EndGlobal
