
Microsoft Visual Studio Solution File, Format Version 12.00
# Visual Studio Version 16
VisualStudioVersion = 16.0.29709.97
MinimumVisualStudioVersion = 10.0.40219.1
Project("{FAE04EC0-301F-11D3-BF4B-00C04F79EFBC}") = "m0HelloWorld", "m0HelloWorld\m0HelloWorld.csproj", "{CF3AA63D-D141-4E7F-9116-3473B316F9DD}"
EndProject
Project("{FAE04EC0-301F-11D3-BF4B-00C04F79EFBC}") = "DConsole", "DConsole\DConsole.csproj", "{F76A13CE-B065-43B6-92F7-A1145EFC4962}"
EndProject
Project("{FAE04EC0-301F-11D3-BF4B-00C04F79EFBC}") = "Dbool", "Dbool\Dbool.csproj", "{3314EEA8-F520-4129-B2E5-66706292FC8B}"
EndProject
Project("{FAE04EC0-301F-11D3-BF4B-00C04F79EFBC}") = "Dstring", "Dstring\Dstring.csproj", "{33CED2E3-9666-4D71-ADD6-D780B5827C11}"
EndProject
Project("{FAE04EC0-301F-11D3-BF4B-00C04F79EFBC}") = "Dint", "Dint\Dint.csproj", "{93476D50-F19C-4BBF-98CE-269BF7686240}"
EndProject
Project("{FAE04EC0-301F-11D3-BF4B-00C04F79EFBC}") = "M2MiniRechner", "M2MiniRechner\M2MiniRechner.csproj", "{B8036418-E45D-41CD-972C-A0C578650F89}"
EndProject
Project("{FAE04EC0-301F-11D3-BF4B-00C04F79EFBC}") = "DArray", "DArrays\DArray.csproj", "{2BF4BCDF-A118-46A5-98D0-FE15818F8E19}"
EndProject
Project("{FAE04EC0-301F-11D3-BF4B-00C04F79EFBC}") = "M3Zahlenratespiel", "M3Zahlenratespiel\M3Zahlenratespiel.csproj", "{ADD86713-5C81-420C-9C19-937C074F37F6}"
EndProject
Project("{FAE04EC0-301F-11D3-BF4B-00C04F79EFBC}") = "Denum", "Denum\Denum.csproj", "{8C37538A-A346-46F3-A775-8733158152F4}"
EndProject
Project("{FAE04EC0-301F-11D3-BF4B-00C04F79EFBC}") = "Dmethoden", "Dmethoden\Dmethoden.csproj", "{D9E66AC5-5565-406F-B2D0-3E9B7BB3EE51}"
EndProject
Project("{FAE04EC0-301F-11D3-BF4B-00C04F79EFBC}") = "DLibrary", "DClass\DLibrary.csproj", "{CA534CF1-BE4A-48A0-8632-9D4C323A79F0}"
EndProject
Project("{FAE04EC0-301F-11D3-BF4B-00C04F79EFBC}") = "DLibraryConsument", "DUseClass\DLibraryConsument.csproj", "{BF8B645A-E59B-486D-B6FE-CC3703142398}"
EndProject
Project("{FAE04EC0-301F-11D3-BF4B-00C04F79EFBC}") = "MyFahrzeug", "MyFahrzeug\MyFahrzeug.csproj", "{B4AAB67B-48AD-41E1-AF42-02568268413C}"
EndProject
Project("{FAE04EC0-301F-11D3-BF4B-00C04F79EFBC}") = "UseFahrzeug", "UseFahrzeug\UseFahrzeug.csproj", "{AB2695B4-8C07-421D-8FDD-F2613321B399}"
EndProject
Project("{FAE04EC0-301F-11D3-BF4B-00C04F79EFBC}") = "MyFahrradTest", "MyFahrrad\MyFahrradTest.csproj", "{2CC27C90-756B-49BF-9AAF-6B2AADA6022D}"
EndProject
Project("{FAE04EC0-301F-11D3-BF4B-00C04F79EFBC}") = "MyFirstWForm", "MyFirstWForm\MyFirstWForm.csproj", "{F4998D72-A1D3-4172-A0DD-462D56BA6575}"
EndProject
Global
	GlobalSection(SolutionConfigurationPlatforms) = preSolution
		Debug|Any CPU = Debug|Any CPU
		Release|Any CPU = Release|Any CPU
	EndGlobalSection
	GlobalSection(ProjectConfigurationPlatforms) = postSolution
		{CF3AA63D-D141-4E7F-9116-3473B316F9DD}.Debug|Any CPU.ActiveCfg = Debug|Any CPU
		{CF3AA63D-D141-4E7F-9116-3473B316F9DD}.Debug|Any CPU.Build.0 = Debug|Any CPU
		{CF3AA63D-D141-4E7F-9116-3473B316F9DD}.Release|Any CPU.ActiveCfg = Release|Any CPU
		{CF3AA63D-D141-4E7F-9116-3473B316F9DD}.Release|Any CPU.Build.0 = Release|Any CPU
		{F76A13CE-B065-43B6-92F7-A1145EFC4962}.Debug|Any CPU.ActiveCfg = Debug|Any CPU
		{F76A13CE-B065-43B6-92F7-A1145EFC4962}.Debug|Any CPU.Build.0 = Debug|Any CPU
		{F76A13CE-B065-43B6-92F7-A1145EFC4962}.Release|Any CPU.ActiveCfg = Release|Any CPU
		{F76A13CE-B065-43B6-92F7-A1145EFC4962}.Release|Any CPU.Build.0 = Release|Any CPU
		{3314EEA8-F520-4129-B2E5-66706292FC8B}.Debug|Any CPU.ActiveCfg = Debug|Any CPU
		{3314EEA8-F520-4129-B2E5-66706292FC8B}.Debug|Any CPU.Build.0 = Debug|Any CPU
		{3314EEA8-F520-4129-B2E5-66706292FC8B}.Release|Any CPU.ActiveCfg = Release|Any CPU
		{3314EEA8-F520-4129-B2E5-66706292FC8B}.Release|Any CPU.Build.0 = Release|Any CPU
		{33CED2E3-9666-4D71-ADD6-D780B5827C11}.Debug|Any CPU.ActiveCfg = Debug|Any CPU
		{33CED2E3-9666-4D71-ADD6-D780B5827C11}.Debug|Any CPU.Build.0 = Debug|Any CPU
		{33CED2E3-9666-4D71-ADD6-D780B5827C11}.Release|Any CPU.ActiveCfg = Release|Any CPU
		{33CED2E3-9666-4D71-ADD6-D780B5827C11}.Release|Any CPU.Build.0 = Release|Any CPU
		{93476D50-F19C-4BBF-98CE-269BF7686240}.Debug|Any CPU.ActiveCfg = Debug|Any CPU
		{93476D50-F19C-4BBF-98CE-269BF7686240}.Debug|Any CPU.Build.0 = Debug|Any CPU
		{93476D50-F19C-4BBF-98CE-269BF7686240}.Release|Any CPU.ActiveCfg = Release|Any CPU
		{93476D50-F19C-4BBF-98CE-269BF7686240}.Release|Any CPU.Build.0 = Release|Any CPU
		{B8036418-E45D-41CD-972C-A0C578650F89}.Debug|Any CPU.ActiveCfg = Debug|Any CPU
		{B8036418-E45D-41CD-972C-A0C578650F89}.Debug|Any CPU.Build.0 = Debug|Any CPU
		{B8036418-E45D-41CD-972C-A0C578650F89}.Release|Any CPU.ActiveCfg = Release|Any CPU
		{B8036418-E45D-41CD-972C-A0C578650F89}.Release|Any CPU.Build.0 = Release|Any CPU
		{2BF4BCDF-A118-46A5-98D0-FE15818F8E19}.Debug|Any CPU.ActiveCfg = Debug|Any CPU
		{2BF4BCDF-A118-46A5-98D0-FE15818F8E19}.Debug|Any CPU.Build.0 = Debug|Any CPU
		{2BF4BCDF-A118-46A5-98D0-FE15818F8E19}.Release|Any CPU.ActiveCfg = Release|Any CPU
		{2BF4BCDF-A118-46A5-98D0-FE15818F8E19}.Release|Any CPU.Build.0 = Release|Any CPU
		{ADD86713-5C81-420C-9C19-937C074F37F6}.Debug|Any CPU.ActiveCfg = Debug|Any CPU
		{ADD86713-5C81-420C-9C19-937C074F37F6}.Debug|Any CPU.Build.0 = Debug|Any CPU
		{ADD86713-5C81-420C-9C19-937C074F37F6}.Release|Any CPU.ActiveCfg = Release|Any CPU
		{ADD86713-5C81-420C-9C19-937C074F37F6}.Release|Any CPU.Build.0 = Release|Any CPU
		{8C37538A-A346-46F3-A775-8733158152F4}.Debug|Any CPU.ActiveCfg = Debug|Any CPU
		{8C37538A-A346-46F3-A775-8733158152F4}.Debug|Any CPU.Build.0 = Debug|Any CPU
		{8C37538A-A346-46F3-A775-8733158152F4}.Release|Any CPU.ActiveCfg = Release|Any CPU
		{8C37538A-A346-46F3-A775-8733158152F4}.Release|Any CPU.Build.0 = Release|Any CPU
		{D9E66AC5-5565-406F-B2D0-3E9B7BB3EE51}.Debug|Any CPU.ActiveCfg = Debug|Any CPU
		{D9E66AC5-5565-406F-B2D0-3E9B7BB3EE51}.Debug|Any CPU.Build.0 = Debug|Any CPU
		{D9E66AC5-5565-406F-B2D0-3E9B7BB3EE51}.Release|Any CPU.ActiveCfg = Release|Any CPU
		{D9E66AC5-5565-406F-B2D0-3E9B7BB3EE51}.Release|Any CPU.Build.0 = Release|Any CPU
		{CA534CF1-BE4A-48A0-8632-9D4C323A79F0}.Debug|Any CPU.ActiveCfg = Debug|Any CPU
		{CA534CF1-BE4A-48A0-8632-9D4C323A79F0}.Debug|Any CPU.Build.0 = Debug|Any CPU
		{CA534CF1-BE4A-48A0-8632-9D4C323A79F0}.Release|Any CPU.ActiveCfg = Release|Any CPU
		{CA534CF1-BE4A-48A0-8632-9D4C323A79F0}.Release|Any CPU.Build.0 = Release|Any CPU
		{BF8B645A-E59B-486D-B6FE-CC3703142398}.Debug|Any CPU.ActiveCfg = Debug|Any CPU
		{BF8B645A-E59B-486D-B6FE-CC3703142398}.Debug|Any CPU.Build.0 = Debug|Any CPU
		{BF8B645A-E59B-486D-B6FE-CC3703142398}.Release|Any CPU.ActiveCfg = Release|Any CPU
		{BF8B645A-E59B-486D-B6FE-CC3703142398}.Release|Any CPU.Build.0 = Release|Any CPU
		{B4AAB67B-48AD-41E1-AF42-02568268413C}.Debug|Any CPU.ActiveCfg = Debug|Any CPU
		{B4AAB67B-48AD-41E1-AF42-02568268413C}.Debug|Any CPU.Build.0 = Debug|Any CPU
		{B4AAB67B-48AD-41E1-AF42-02568268413C}.Release|Any CPU.ActiveCfg = Release|Any CPU
		{B4AAB67B-48AD-41E1-AF42-02568268413C}.Release|Any CPU.Build.0 = Release|Any CPU
		{AB2695B4-8C07-421D-8FDD-F2613321B399}.Debug|Any CPU.ActiveCfg = Debug|Any CPU
		{AB2695B4-8C07-421D-8FDD-F2613321B399}.Debug|Any CPU.Build.0 = Debug|Any CPU
		{AB2695B4-8C07-421D-8FDD-F2613321B399}.Release|Any CPU.ActiveCfg = Release|Any CPU
		{AB2695B4-8C07-421D-8FDD-F2613321B399}.Release|Any CPU.Build.0 = Release|Any CPU
		{2CC27C90-756B-49BF-9AAF-6B2AADA6022D}.Debug|Any CPU.ActiveCfg = Debug|Any CPU
		{2CC27C90-756B-49BF-9AAF-6B2AADA6022D}.Debug|Any CPU.Build.0 = Debug|Any CPU
		{2CC27C90-756B-49BF-9AAF-6B2AADA6022D}.Release|Any CPU.ActiveCfg = Release|Any CPU
		{2CC27C90-756B-49BF-9AAF-6B2AADA6022D}.Release|Any CPU.Build.0 = Release|Any CPU
		{F4998D72-A1D3-4172-A0DD-462D56BA6575}.Debug|Any CPU.ActiveCfg = Debug|Any CPU
		{F4998D72-A1D3-4172-A0DD-462D56BA6575}.Debug|Any CPU.Build.0 = Debug|Any CPU
		{F4998D72-A1D3-4172-A0DD-462D56BA6575}.Release|Any CPU.ActiveCfg = Release|Any CPU
		{F4998D72-A1D3-4172-A0DD-462D56BA6575}.Release|Any CPU.Build.0 = Release|Any CPU
	EndGlobalSection
	GlobalSection(SolutionProperties) = preSolution
		HideSolutionNode = FALSE
	EndGlobalSection
	GlobalSection(ExtensibilityGlobals) = postSolution
		SolutionGuid = {9BB80771-657A-4A9C-992E-43CBAAC36127}
	EndGlobalSection
EndGlobal
