
Microsoft Visual Studio Solution File, Format Version 12.00
# Visual Studio Version 16
VisualStudioVersion = 16.0.29709.97
MinimumVisualStudioVersion = 10.0.40219.1
Project("{FAE04EC0-301F-11D3-BF4B-00C04F79EFBC}") = "m0HelloWorld", "m0HelloWorld\m0HelloWorld.csproj", "{5413373B-2BD3-4B91-ACB7-171BC98DDDC3}"
EndProject
Project("{FAE04EC0-301F-11D3-BF4B-00C04F79EFBC}") = "DConsole", "DConsole\DConsole.csproj", "{2BA95317-8144-4E23-8C6C-105D686CCD33}"
EndProject
Project("{FAE04EC0-301F-11D3-BF4B-00C04F79EFBC}") = "Dbool", "Dbool\Dbool.csproj", "{76D98A69-EE2B-4567-909A-3E8317A3845D}"
EndProject
Project("{FAE04EC0-301F-11D3-BF4B-00C04F79EFBC}") = "DString", "DString\DString.csproj", "{958C53D1-C4DF-4780-897C-C18134ACD2A1}"
EndProject
Project("{FAE04EC0-301F-11D3-BF4B-00C04F79EFBC}") = "Dint", "Dint\Dint.csproj", "{B028A18E-A922-4D8B-985A-B4F9A7E669B0}"
EndProject
Project("{FAE04EC0-301F-11D3-BF4B-00C04F79EFBC}") = "M2MiniRechner", "DTaschenrechner\M2MiniRechner.csproj", "{4DF7A14B-BDDB-4364-8EBA-A16D9AD59418}"
EndProject
Project("{FAE04EC0-301F-11D3-BF4B-00C04F79EFBC}") = "DArray", "DArray\DArray.csproj", "{983E9C90-979B-4F5B-9F35-5D97B01A4C6F}"
EndProject
Project("{FAE04EC0-301F-11D3-BF4B-00C04F79EFBC}") = "M03Zahlenratespiel", "M03Zahlenratespiel\M03Zahlenratespiel.csproj", "{753296EC-4D45-4503-850B-DBC224A48EB8}"
EndProject
Project("{FAE04EC0-301F-11D3-BF4B-00C04F79EFBC}") = "Ddouble", "Ddouble\Ddouble.csproj", "{0675C545-EB6E-4CD8-9C46-730E9C7F4984}"
EndProject
Project("{FAE04EC0-301F-11D3-BF4B-00C04F79EFBC}") = "DEnum", "DEnum\DEnum.csproj", "{E9D206AE-F6B0-42C4-A283-FC61A28260AF}"
EndProject
Project("{FAE04EC0-301F-11D3-BF4B-00C04F79EFBC}") = "DMethods", "DMethods\DMethods.csproj", "{5AF5EB51-105E-44EC-9AEF-CBEFF082A0B0}"
EndProject
Project("{FAE04EC0-301F-11D3-BF4B-00C04F79EFBC}") = "DLibrary", "DClass\DLibrary.csproj", "{8C58B596-76F6-4065-A1F1-4FC15171666D}"
EndProject
Project("{FAE04EC0-301F-11D3-BF4B-00C04F79EFBC}") = "DLibraryConsument", "DUseClass\DLibraryConsument.csproj", "{ABCFA661-3CB4-4B05-B005-3A5C8ADDEAA4}"
EndProject
Project("{FAE04EC0-301F-11D3-BF4B-00C04F79EFBC}") = "M05FahrzeugeLib", "M05Fahrzeuge\M05FahrzeugeLib.csproj", "{B556C428-2EE8-461E-A4CD-A4DA21581373}"
EndProject
Project("{FAE04EC0-301F-11D3-BF4B-00C04F79EFBC}") = "M05CallFahrzeug", "M05CallFahrzeug\M05CallFahrzeug.csproj", "{6B2D0503-E6A7-4B8E-BDFE-67404EA2E674}"
EndProject
Project("{FAE04EC0-301F-11D3-BF4B-00C04F79EFBC}") = "MyFirstWForm", "MyFirstWForm\MyFirstWForm.csproj", "{6262B8D1-39C3-49A0-8FC8-5FB77396C8A7}"
EndProject
Project("{FAE04EC0-301F-11D3-BF4B-00C04F79EFBC}") = "M09TicTacToe", "M09TicTacToe\M09TicTacToe.csproj", "{9726D5E9-7864-4634-AD50-727682E243BC}"
EndProject
Project("{FAE04EC0-301F-11D3-BF4B-00C04F79EFBC}") = "Ddelegate", "Ddelegate\Ddelegate.csproj", "{C82C26D2-8700-4DC3-93AE-B0B2CEC31E1B}"
EndProject
Project("{FAE04EC0-301F-11D3-BF4B-00C04F79EFBC}") = "DEntityFrCore", "DEntityFrCore\DEntityFrCore.csproj", "{00DF126A-49F7-4104-8C71-99BDB0875E8B}"
EndProject
Global
	GlobalSection(SolutionConfigurationPlatforms) = preSolution
		Debug|Any CPU = Debug|Any CPU
		Release|Any CPU = Release|Any CPU
	EndGlobalSection
	GlobalSection(ProjectConfigurationPlatforms) = postSolution
		{5413373B-2BD3-4B91-ACB7-171BC98DDDC3}.Debug|Any CPU.ActiveCfg = Debug|Any CPU
		{5413373B-2BD3-4B91-ACB7-171BC98DDDC3}.Debug|Any CPU.Build.0 = Debug|Any CPU
		{5413373B-2BD3-4B91-ACB7-171BC98DDDC3}.Release|Any CPU.ActiveCfg = Release|Any CPU
		{5413373B-2BD3-4B91-ACB7-171BC98DDDC3}.Release|Any CPU.Build.0 = Release|Any CPU
		{2BA95317-8144-4E23-8C6C-105D686CCD33}.Debug|Any CPU.ActiveCfg = Debug|Any CPU
		{2BA95317-8144-4E23-8C6C-105D686CCD33}.Debug|Any CPU.Build.0 = Debug|Any CPU
		{2BA95317-8144-4E23-8C6C-105D686CCD33}.Release|Any CPU.ActiveCfg = Release|Any CPU
		{2BA95317-8144-4E23-8C6C-105D686CCD33}.Release|Any CPU.Build.0 = Release|Any CPU
		{76D98A69-EE2B-4567-909A-3E8317A3845D}.Debug|Any CPU.ActiveCfg = Debug|Any CPU
		{76D98A69-EE2B-4567-909A-3E8317A3845D}.Debug|Any CPU.Build.0 = Debug|Any CPU
		{76D98A69-EE2B-4567-909A-3E8317A3845D}.Release|Any CPU.ActiveCfg = Release|Any CPU
		{76D98A69-EE2B-4567-909A-3E8317A3845D}.Release|Any CPU.Build.0 = Release|Any CPU
		{958C53D1-C4DF-4780-897C-C18134ACD2A1}.Debug|Any CPU.ActiveCfg = Debug|Any CPU
		{958C53D1-C4DF-4780-897C-C18134ACD2A1}.Debug|Any CPU.Build.0 = Debug|Any CPU
		{958C53D1-C4DF-4780-897C-C18134ACD2A1}.Release|Any CPU.ActiveCfg = Release|Any CPU
		{958C53D1-C4DF-4780-897C-C18134ACD2A1}.Release|Any CPU.Build.0 = Release|Any CPU
		{B028A18E-A922-4D8B-985A-B4F9A7E669B0}.Debug|Any CPU.ActiveCfg = Debug|Any CPU
		{B028A18E-A922-4D8B-985A-B4F9A7E669B0}.Debug|Any CPU.Build.0 = Debug|Any CPU
		{B028A18E-A922-4D8B-985A-B4F9A7E669B0}.Release|Any CPU.ActiveCfg = Release|Any CPU
		{B028A18E-A922-4D8B-985A-B4F9A7E669B0}.Release|Any CPU.Build.0 = Release|Any CPU
		{4DF7A14B-BDDB-4364-8EBA-A16D9AD59418}.Debug|Any CPU.ActiveCfg = Debug|Any CPU
		{4DF7A14B-BDDB-4364-8EBA-A16D9AD59418}.Debug|Any CPU.Build.0 = Debug|Any CPU
		{4DF7A14B-BDDB-4364-8EBA-A16D9AD59418}.Release|Any CPU.ActiveCfg = Release|Any CPU
		{4DF7A14B-BDDB-4364-8EBA-A16D9AD59418}.Release|Any CPU.Build.0 = Release|Any CPU
		{983E9C90-979B-4F5B-9F35-5D97B01A4C6F}.Debug|Any CPU.ActiveCfg = Debug|Any CPU
		{983E9C90-979B-4F5B-9F35-5D97B01A4C6F}.Debug|Any CPU.Build.0 = Debug|Any CPU
		{983E9C90-979B-4F5B-9F35-5D97B01A4C6F}.Release|Any CPU.ActiveCfg = Release|Any CPU
		{983E9C90-979B-4F5B-9F35-5D97B01A4C6F}.Release|Any CPU.Build.0 = Release|Any CPU
		{753296EC-4D45-4503-850B-DBC224A48EB8}.Debug|Any CPU.ActiveCfg = Debug|Any CPU
		{753296EC-4D45-4503-850B-DBC224A48EB8}.Debug|Any CPU.Build.0 = Debug|Any CPU
		{753296EC-4D45-4503-850B-DBC224A48EB8}.Release|Any CPU.ActiveCfg = Release|Any CPU
		{753296EC-4D45-4503-850B-DBC224A48EB8}.Release|Any CPU.Build.0 = Release|Any CPU
		{0675C545-EB6E-4CD8-9C46-730E9C7F4984}.Debug|Any CPU.ActiveCfg = Debug|Any CPU
		{0675C545-EB6E-4CD8-9C46-730E9C7F4984}.Debug|Any CPU.Build.0 = Debug|Any CPU
		{0675C545-EB6E-4CD8-9C46-730E9C7F4984}.Release|Any CPU.ActiveCfg = Release|Any CPU
		{0675C545-EB6E-4CD8-9C46-730E9C7F4984}.Release|Any CPU.Build.0 = Release|Any CPU
		{E9D206AE-F6B0-42C4-A283-FC61A28260AF}.Debug|Any CPU.ActiveCfg = Debug|Any CPU
		{E9D206AE-F6B0-42C4-A283-FC61A28260AF}.Debug|Any CPU.Build.0 = Debug|Any CPU
		{E9D206AE-F6B0-42C4-A283-FC61A28260AF}.Release|Any CPU.ActiveCfg = Release|Any CPU
		{E9D206AE-F6B0-42C4-A283-FC61A28260AF}.Release|Any CPU.Build.0 = Release|Any CPU
		{5AF5EB51-105E-44EC-9AEF-CBEFF082A0B0}.Debug|Any CPU.ActiveCfg = Debug|Any CPU
		{5AF5EB51-105E-44EC-9AEF-CBEFF082A0B0}.Debug|Any CPU.Build.0 = Debug|Any CPU
		{5AF5EB51-105E-44EC-9AEF-CBEFF082A0B0}.Release|Any CPU.ActiveCfg = Release|Any CPU
		{5AF5EB51-105E-44EC-9AEF-CBEFF082A0B0}.Release|Any CPU.Build.0 = Release|Any CPU
		{8C58B596-76F6-4065-A1F1-4FC15171666D}.Debug|Any CPU.ActiveCfg = Debug|Any CPU
		{8C58B596-76F6-4065-A1F1-4FC15171666D}.Debug|Any CPU.Build.0 = Debug|Any CPU
		{8C58B596-76F6-4065-A1F1-4FC15171666D}.Release|Any CPU.ActiveCfg = Release|Any CPU
		{8C58B596-76F6-4065-A1F1-4FC15171666D}.Release|Any CPU.Build.0 = Release|Any CPU
		{ABCFA661-3CB4-4B05-B005-3A5C8ADDEAA4}.Debug|Any CPU.ActiveCfg = Debug|Any CPU
		{ABCFA661-3CB4-4B05-B005-3A5C8ADDEAA4}.Debug|Any CPU.Build.0 = Debug|Any CPU
		{ABCFA661-3CB4-4B05-B005-3A5C8ADDEAA4}.Release|Any CPU.ActiveCfg = Release|Any CPU
		{ABCFA661-3CB4-4B05-B005-3A5C8ADDEAA4}.Release|Any CPU.Build.0 = Release|Any CPU
		{B556C428-2EE8-461E-A4CD-A4DA21581373}.Debug|Any CPU.ActiveCfg = Debug|Any CPU
		{B556C428-2EE8-461E-A4CD-A4DA21581373}.Debug|Any CPU.Build.0 = Debug|Any CPU
		{B556C428-2EE8-461E-A4CD-A4DA21581373}.Release|Any CPU.ActiveCfg = Release|Any CPU
		{B556C428-2EE8-461E-A4CD-A4DA21581373}.Release|Any CPU.Build.0 = Release|Any CPU
		{6B2D0503-E6A7-4B8E-BDFE-67404EA2E674}.Debug|Any CPU.ActiveCfg = Debug|Any CPU
		{6B2D0503-E6A7-4B8E-BDFE-67404EA2E674}.Debug|Any CPU.Build.0 = Debug|Any CPU
		{6B2D0503-E6A7-4B8E-BDFE-67404EA2E674}.Release|Any CPU.ActiveCfg = Release|Any CPU
		{6B2D0503-E6A7-4B8E-BDFE-67404EA2E674}.Release|Any CPU.Build.0 = Release|Any CPU
		{6262B8D1-39C3-49A0-8FC8-5FB77396C8A7}.Debug|Any CPU.ActiveCfg = Debug|Any CPU
		{6262B8D1-39C3-49A0-8FC8-5FB77396C8A7}.Debug|Any CPU.Build.0 = Debug|Any CPU
		{6262B8D1-39C3-49A0-8FC8-5FB77396C8A7}.Release|Any CPU.ActiveCfg = Release|Any CPU
		{6262B8D1-39C3-49A0-8FC8-5FB77396C8A7}.Release|Any CPU.Build.0 = Release|Any CPU
		{9726D5E9-7864-4634-AD50-727682E243BC}.Debug|Any CPU.ActiveCfg = Debug|Any CPU
		{9726D5E9-7864-4634-AD50-727682E243BC}.Debug|Any CPU.Build.0 = Debug|Any CPU
		{9726D5E9-7864-4634-AD50-727682E243BC}.Release|Any CPU.ActiveCfg = Release|Any CPU
		{9726D5E9-7864-4634-AD50-727682E243BC}.Release|Any CPU.Build.0 = Release|Any CPU
		{C82C26D2-8700-4DC3-93AE-B0B2CEC31E1B}.Debug|Any CPU.ActiveCfg = Debug|Any CPU
		{C82C26D2-8700-4DC3-93AE-B0B2CEC31E1B}.Debug|Any CPU.Build.0 = Debug|Any CPU
		{C82C26D2-8700-4DC3-93AE-B0B2CEC31E1B}.Release|Any CPU.ActiveCfg = Release|Any CPU
		{C82C26D2-8700-4DC3-93AE-B0B2CEC31E1B}.Release|Any CPU.Build.0 = Release|Any CPU
		{00DF126A-49F7-4104-8C71-99BDB0875E8B}.Debug|Any CPU.ActiveCfg = Debug|Any CPU
		{00DF126A-49F7-4104-8C71-99BDB0875E8B}.Debug|Any CPU.Build.0 = Debug|Any CPU
		{00DF126A-49F7-4104-8C71-99BDB0875E8B}.Release|Any CPU.ActiveCfg = Release|Any CPU
		{00DF126A-49F7-4104-8C71-99BDB0875E8B}.Release|Any CPU.Build.0 = Release|Any CPU
	EndGlobalSection
	GlobalSection(SolutionProperties) = preSolution
		HideSolutionNode = FALSE
	EndGlobalSection
	GlobalSection(ExtensibilityGlobals) = postSolution
		SolutionGuid = {DE53BA36-818F-400C-BD67-282C736DD9A5}
	EndGlobalSection
EndGlobal
