
Microsoft Visual Studio Solution File, Format Version 12.00
# Visual Studio Version 16
VisualStudioVersion = 16.0.29709.97
MinimumVisualStudioVersion = 10.0.40219.1
Project("{FAE04EC0-301F-11D3-BF4B-00C04F79EFBC}") = "m0HelloWorld", "m0HelloWorld\m0HelloWorld.csproj", "{5413373B-2BD3-4B91-ACB7-171BC98DDDC3}"
EndProject
Project("{FAE04EC0-301F-11D3-BF4B-00C04F79EFBC}") = "DConsole", "DConsole\DConsole.csproj", "{2BA95317-8144-4E23-8C6C-105D686CCD33}"
EndProject
Project("{FAE04EC0-301F-11D3-BF4B-00C04F79EFBC}") = "Dbool", "Dbool\Dbool.csproj", "{76D98A69-EE2B-4567-909A-3E8317A3845D}"
EndProject
Project("{FAE04EC0-301F-11D3-BF4B-00C04F79EFBC}") = "DString", "DString\DString.csproj", "{958C53D1-C4DF-4780-897C-C18134ACD2A1}"
EndProject
Global
	GlobalSection(SolutionConfigurationPlatforms) = preSolution
		Debug|Any CPU = Debug|Any CPU
		Release|Any CPU = Release|Any CPU
	EndGlobalSection
	GlobalSection(ProjectConfigurationPlatforms) = postSolution
		{5413373B-2BD3-4B91-ACB7-171BC98DDDC3}.Debug|Any CPU.ActiveCfg = Debug|Any CPU
		{5413373B-2BD3-4B91-ACB7-171BC98DDDC3}.Debug|Any CPU.Build.0 = Debug|Any CPU
		{5413373B-2BD3-4B91-ACB7-171BC98DDDC3}.Release|Any CPU.ActiveCfg = Release|Any CPU
		{5413373B-2BD3-4B91-ACB7-171BC98DDDC3}.Release|Any CPU.Build.0 = Release|Any CPU
		{2BA95317-8144-4E23-8C6C-105D686CCD33}.Debug|Any CPU.ActiveCfg = Debug|Any CPU
		{2BA95317-8144-4E23-8C6C-105D686CCD33}.Debug|Any CPU.Build.0 = Debug|Any CPU
		{2BA95317-8144-4E23-8C6C-105D686CCD33}.Release|Any CPU.ActiveCfg = Release|Any CPU
		{2BA95317-8144-4E23-8C6C-105D686CCD33}.Release|Any CPU.Build.0 = Release|Any CPU
		{76D98A69-EE2B-4567-909A-3E8317A3845D}.Debug|Any CPU.ActiveCfg = Debug|Any CPU
		{76D98A69-EE2B-4567-909A-3E8317A3845D}.Debug|Any CPU.Build.0 = Debug|Any CPU
		{76D98A69-EE2B-4567-909A-3E8317A3845D}.Release|Any CPU.ActiveCfg = Release|Any CPU
		{76D98A69-EE2B-4567-909A-3E8317A3845D}.Release|Any CPU.Build.0 = Release|Any CPU
		{958C53D1-C4DF-4780-897C-C18134ACD2A1}.Debug|Any CPU.ActiveCfg = Debug|Any CPU
		{958C53D1-C4DF-4780-897C-C18134ACD2A1}.Debug|Any CPU.Build.0 = Debug|Any CPU
		{958C53D1-C4DF-4780-897C-C18134ACD2A1}.Release|Any CPU.ActiveCfg = Release|Any CPU
		{958C53D1-C4DF-4780-897C-C18134ACD2A1}.Release|Any CPU.Build.0 = Release|Any CPU
	EndGlobalSection
	GlobalSection(SolutionProperties) = preSolution
		HideSolutionNode = FALSE
	EndGlobalSection
	GlobalSection(ExtensibilityGlobals) = postSolution
		SolutionGuid = {DE53BA36-818F-400C-BD67-282C736DD9A5}
	EndGlobalSection
EndGlobal
