
Microsoft Visual Studio Solution File, Format Version 12.00
# Visual Studio Version 16
VisualStudioVersion = 16.0.29806.167
MinimumVisualStudioVersion = 10.0.40219.1
Project("{FAE04EC0-301F-11D3-BF4B-00C04F79EFBC}") = "M1HelloWorld", "m0HelloWorld\M1HelloWorld.csproj", "{70BFD2F0-35A5-4586-94A6-DF80D3936B08}"
EndProject
Project("{FAE04EC0-301F-11D3-BF4B-00C04F79EFBC}") = "DConsole", "DConsole\DConsole.csproj", "{3FE23C48-B4F5-452B-B60D-59626C93F41C}"
EndProject
Project("{FAE04EC0-301F-11D3-BF4B-00C04F79EFBC}") = "Dbool", "Dbool\Dbool.csproj", "{C362DCFC-54BF-4038-B928-AAB76D2E5E67}"
EndProject
Project("{FAE04EC0-301F-11D3-BF4B-00C04F79EFBC}") = "Dstring", "Dstring\Dstring.csproj", "{C14D6851-8469-4C1E-A9BB-F151725BD14B}"
EndProject
Project("{FAE04EC0-301F-11D3-BF4B-00C04F79EFBC}") = "Dint", "Dint\Dint.csproj", "{96EF3FB2-0577-4490-85E1-974752CCA658}"
EndProject
Project("{FAE04EC0-301F-11D3-BF4B-00C04F79EFBC}") = "M2MiniRechner", "M2MiniRechner\M2MiniRechner.csproj", "{3AB05591-6BC8-49BF-A9DC-7AC976543AFB}"
EndProject
Project("{FAE04EC0-301F-11D3-BF4B-00C04F79EFBC}") = "DArray", "DArray\DArray.csproj", "{52087C4A-8473-41E3-A38E-49BD9F6097A4}"
EndProject
Project("{FAE04EC0-301F-11D3-BF4B-00C04F79EFBC}") = "M3Zahlenratespiel", "M3Zahlenratespiel\M3Zahlenratespiel.csproj", "{516B1909-3710-4E4E-BA61-0547759FC1DA}"
EndProject
Project("{FAE04EC0-301F-11D3-BF4B-00C04F79EFBC}") = "Ddouble", "Ddouble\Ddouble.csproj", "{3AD2CA75-9721-4323-80C5-837D54CEF876}"
EndProject
Project("{FAE04EC0-301F-11D3-BF4B-00C04F79EFBC}") = "Denum", "Denum\Denum.csproj", "{56FD7794-6183-43F9-A0AF-4B8E85B8C4AB}"
EndProject
Project("{FAE04EC0-301F-11D3-BF4B-00C04F79EFBC}") = "DMethods", "DMethods\DMethods.csproj", "{946E3551-6880-42D9-9CC5-C3BEFE9B0554}"
EndProject
Project("{FAE04EC0-301F-11D3-BF4B-00C04F79EFBC}") = "DLibrary", "DClass\DLibrary.csproj", "{7DCC235E-4CFC-45E2-A069-52145D03F071}"
EndProject
Project("{FAE04EC0-301F-11D3-BF4B-00C04F79EFBC}") = "DLibraryConsument", "DUseClass\DLibraryConsument.csproj", "{53A6D153-E223-4BA0-B0E5-EF86DB1C5A5C}"
EndProject
Project("{FAE04EC0-301F-11D3-BF4B-00C04F79EFBC}") = "M5Fahrzeugpark", "M5Fahrzeugpark\M5Fahrzeugpark.csproj", "{8AB5012D-062E-4A9F-8CCF-219B9695BCA9}"
EndProject
Project("{FAE04EC0-301F-11D3-BF4B-00C04F79EFBC}") = "M5UseFahrpark", "M5UseFahrpark\M5UseFahrpark.csproj", "{F8FA1DAF-F3EF-48A0-ADB7-58B8D33F1E3E}"
EndProject
Project("{FAE04EC0-301F-11D3-BF4B-00C04F79EFBC}") = "DRandom", "DRandom\DRandom.csproj", "{A1399012-5BA8-4885-88F1-C6E9F0B44BDB}"
EndProject
Project("{FAE04EC0-301F-11D3-BF4B-00C04F79EFBC}") = "MyFirstWForm", "MyFirstWForm\MyFirstWForm.csproj", "{562F097C-26FE-46F2-B99B-D914F2D03432}"
EndProject
Project("{FAE04EC0-301F-11D3-BF4B-00C04F79EFBC}") = "M9TicTacToe", "M9TicTacToe\M9TicTacToe.csproj", "{BF5C3721-BA1C-455B-82F4-2E674444CEAB}"
EndProject
Project("{FAE04EC0-301F-11D3-BF4B-00C04F79EFBC}") = "Ddelegate", "Ddelegate\Ddelegate.csproj", "{5D38D3F1-B563-4C7E-91C4-DAE1FFBEF2D2}"
EndProject
Project("{9A19103F-16F7-4668-BE54-9A1E7A4F7556}") = "DEntityFrCore", "DEntityFrCore\DEntityFrCore.csproj", "{8886C29B-793E-4BC4-9AA3-E272A7827E4A}"
EndProject
Project("{FAE04EC0-301F-11D3-BF4B-00C04F79EFBC}") = "DList", "DList\DList.csproj", "{DFACA3F5-BF4C-4BDB-A85F-57ADE908DA9E}"
EndProject
Project("{FAE04EC0-301F-11D3-BF4B-00C04F79EFBC}") = "DStack", "DStack\DStack.csproj", "{09DDF4DC-DC47-4E0C-ABB4-E479625F2532}"
EndProject
Project("{FAE04EC0-301F-11D3-BF4B-00C04F79EFBC}") = "DQueue", "DQueue\DQueue.csproj", "{FE21799B-CD31-4BC3-9665-588ABEBA95F2}"
EndProject
Project("{FAE04EC0-301F-11D3-BF4B-00C04F79EFBC}") = "DDictionary", "DDictionary\DDictionary.csproj", "{65BD9B5F-F4E1-4E16-AE2F-A4E96A1CB287}"
EndProject
Project("{FAE04EC0-301F-11D3-BF4B-00C04F79EFBC}") = "DKeyValuePair", "DKeyValuePair\DKeyValuePair.csproj", "{4E000B7F-B95B-44A4-9C40-0F70380817B6}"
EndProject
Global
	GlobalSection(SolutionConfigurationPlatforms) = preSolution
		Debug|Any CPU = Debug|Any CPU
		Release|Any CPU = Release|Any CPU
	EndGlobalSection
	GlobalSection(ProjectConfigurationPlatforms) = postSolution
		{70BFD2F0-35A5-4586-94A6-DF80D3936B08}.Debug|Any CPU.ActiveCfg = Debug|Any CPU
		{70BFD2F0-35A5-4586-94A6-DF80D3936B08}.Debug|Any CPU.Build.0 = Debug|Any CPU
		{70BFD2F0-35A5-4586-94A6-DF80D3936B08}.Release|Any CPU.ActiveCfg = Release|Any CPU
		{70BFD2F0-35A5-4586-94A6-DF80D3936B08}.Release|Any CPU.Build.0 = Release|Any CPU
		{3FE23C48-B4F5-452B-B60D-59626C93F41C}.Debug|Any CPU.ActiveCfg = Debug|Any CPU
		{3FE23C48-B4F5-452B-B60D-59626C93F41C}.Debug|Any CPU.Build.0 = Debug|Any CPU
		{3FE23C48-B4F5-452B-B60D-59626C93F41C}.Release|Any CPU.ActiveCfg = Release|Any CPU
		{3FE23C48-B4F5-452B-B60D-59626C93F41C}.Release|Any CPU.Build.0 = Release|Any CPU
		{C362DCFC-54BF-4038-B928-AAB76D2E5E67}.Debug|Any CPU.ActiveCfg = Debug|Any CPU
		{C362DCFC-54BF-4038-B928-AAB76D2E5E67}.Debug|Any CPU.Build.0 = Debug|Any CPU
		{C362DCFC-54BF-4038-B928-AAB76D2E5E67}.Release|Any CPU.ActiveCfg = Release|Any CPU
		{C362DCFC-54BF-4038-B928-AAB76D2E5E67}.Release|Any CPU.Build.0 = Release|Any CPU
		{C14D6851-8469-4C1E-A9BB-F151725BD14B}.Debug|Any CPU.ActiveCfg = Debug|Any CPU
		{C14D6851-8469-4C1E-A9BB-F151725BD14B}.Debug|Any CPU.Build.0 = Debug|Any CPU
		{C14D6851-8469-4C1E-A9BB-F151725BD14B}.Release|Any CPU.ActiveCfg = Release|Any CPU
		{C14D6851-8469-4C1E-A9BB-F151725BD14B}.Release|Any CPU.Build.0 = Release|Any CPU
		{96EF3FB2-0577-4490-85E1-974752CCA658}.Debug|Any CPU.ActiveCfg = Debug|Any CPU
		{96EF3FB2-0577-4490-85E1-974752CCA658}.Debug|Any CPU.Build.0 = Debug|Any CPU
		{96EF3FB2-0577-4490-85E1-974752CCA658}.Release|Any CPU.ActiveCfg = Release|Any CPU
		{96EF3FB2-0577-4490-85E1-974752CCA658}.Release|Any CPU.Build.0 = Release|Any CPU
		{3AB05591-6BC8-49BF-A9DC-7AC976543AFB}.Debug|Any CPU.ActiveCfg = Debug|Any CPU
		{3AB05591-6BC8-49BF-A9DC-7AC976543AFB}.Debug|Any CPU.Build.0 = Debug|Any CPU
		{3AB05591-6BC8-49BF-A9DC-7AC976543AFB}.Release|Any CPU.ActiveCfg = Release|Any CPU
		{3AB05591-6BC8-49BF-A9DC-7AC976543AFB}.Release|Any CPU.Build.0 = Release|Any CPU
		{52087C4A-8473-41E3-A38E-49BD9F6097A4}.Debug|Any CPU.ActiveCfg = Debug|Any CPU
		{52087C4A-8473-41E3-A38E-49BD9F6097A4}.Debug|Any CPU.Build.0 = Debug|Any CPU
		{52087C4A-8473-41E3-A38E-49BD9F6097A4}.Release|Any CPU.ActiveCfg = Release|Any CPU
		{52087C4A-8473-41E3-A38E-49BD9F6097A4}.Release|Any CPU.Build.0 = Release|Any CPU
		{516B1909-3710-4E4E-BA61-0547759FC1DA}.Debug|Any CPU.ActiveCfg = Debug|Any CPU
		{516B1909-3710-4E4E-BA61-0547759FC1DA}.Debug|Any CPU.Build.0 = Debug|Any CPU
		{516B1909-3710-4E4E-BA61-0547759FC1DA}.Release|Any CPU.ActiveCfg = Release|Any CPU
		{516B1909-3710-4E4E-BA61-0547759FC1DA}.Release|Any CPU.Build.0 = Release|Any CPU
		{3AD2CA75-9721-4323-80C5-837D54CEF876}.Debug|Any CPU.ActiveCfg = Debug|Any CPU
		{3AD2CA75-9721-4323-80C5-837D54CEF876}.Debug|Any CPU.Build.0 = Debug|Any CPU
		{3AD2CA75-9721-4323-80C5-837D54CEF876}.Release|Any CPU.ActiveCfg = Release|Any CPU
		{3AD2CA75-9721-4323-80C5-837D54CEF876}.Release|Any CPU.Build.0 = Release|Any CPU
		{56FD7794-6183-43F9-A0AF-4B8E85B8C4AB}.Debug|Any CPU.ActiveCfg = Debug|Any CPU
		{56FD7794-6183-43F9-A0AF-4B8E85B8C4AB}.Debug|Any CPU.Build.0 = Debug|Any CPU
		{56FD7794-6183-43F9-A0AF-4B8E85B8C4AB}.Release|Any CPU.ActiveCfg = Release|Any CPU
		{56FD7794-6183-43F9-A0AF-4B8E85B8C4AB}.Release|Any CPU.Build.0 = Release|Any CPU
		{946E3551-6880-42D9-9CC5-C3BEFE9B0554}.Debug|Any CPU.ActiveCfg = Debug|Any CPU
		{946E3551-6880-42D9-9CC5-C3BEFE9B0554}.Debug|Any CPU.Build.0 = Debug|Any CPU
		{946E3551-6880-42D9-9CC5-C3BEFE9B0554}.Release|Any CPU.ActiveCfg = Release|Any CPU
		{946E3551-6880-42D9-9CC5-C3BEFE9B0554}.Release|Any CPU.Build.0 = Release|Any CPU
		{7DCC235E-4CFC-45E2-A069-52145D03F071}.Debug|Any CPU.ActiveCfg = Debug|Any CPU
		{7DCC235E-4CFC-45E2-A069-52145D03F071}.Debug|Any CPU.Build.0 = Debug|Any CPU
		{7DCC235E-4CFC-45E2-A069-52145D03F071}.Release|Any CPU.ActiveCfg = Release|Any CPU
		{7DCC235E-4CFC-45E2-A069-52145D03F071}.Release|Any CPU.Build.0 = Release|Any CPU
		{53A6D153-E223-4BA0-B0E5-EF86DB1C5A5C}.Debug|Any CPU.ActiveCfg = Debug|Any CPU
		{53A6D153-E223-4BA0-B0E5-EF86DB1C5A5C}.Debug|Any CPU.Build.0 = Debug|Any CPU
		{53A6D153-E223-4BA0-B0E5-EF86DB1C5A5C}.Release|Any CPU.ActiveCfg = Release|Any CPU
		{53A6D153-E223-4BA0-B0E5-EF86DB1C5A5C}.Release|Any CPU.Build.0 = Release|Any CPU
		{8AB5012D-062E-4A9F-8CCF-219B9695BCA9}.Debug|Any CPU.ActiveCfg = Debug|Any CPU
		{8AB5012D-062E-4A9F-8CCF-219B9695BCA9}.Debug|Any CPU.Build.0 = Debug|Any CPU
		{8AB5012D-062E-4A9F-8CCF-219B9695BCA9}.Release|Any CPU.ActiveCfg = Release|Any CPU
		{8AB5012D-062E-4A9F-8CCF-219B9695BCA9}.Release|Any CPU.Build.0 = Release|Any CPU
		{F8FA1DAF-F3EF-48A0-ADB7-58B8D33F1E3E}.Debug|Any CPU.ActiveCfg = Debug|Any CPU
		{F8FA1DAF-F3EF-48A0-ADB7-58B8D33F1E3E}.Debug|Any CPU.Build.0 = Debug|Any CPU
		{F8FA1DAF-F3EF-48A0-ADB7-58B8D33F1E3E}.Release|Any CPU.ActiveCfg = Release|Any CPU
		{F8FA1DAF-F3EF-48A0-ADB7-58B8D33F1E3E}.Release|Any CPU.Build.0 = Release|Any CPU
		{A1399012-5BA8-4885-88F1-C6E9F0B44BDB}.Debug|Any CPU.ActiveCfg = Debug|Any CPU
		{A1399012-5BA8-4885-88F1-C6E9F0B44BDB}.Debug|Any CPU.Build.0 = Debug|Any CPU
		{A1399012-5BA8-4885-88F1-C6E9F0B44BDB}.Release|Any CPU.ActiveCfg = Release|Any CPU
		{A1399012-5BA8-4885-88F1-C6E9F0B44BDB}.Release|Any CPU.Build.0 = Release|Any CPU
		{562F097C-26FE-46F2-B99B-D914F2D03432}.Debug|Any CPU.ActiveCfg = Debug|Any CPU
		{562F097C-26FE-46F2-B99B-D914F2D03432}.Debug|Any CPU.Build.0 = Debug|Any CPU
		{562F097C-26FE-46F2-B99B-D914F2D03432}.Release|Any CPU.ActiveCfg = Release|Any CPU
		{562F097C-26FE-46F2-B99B-D914F2D03432}.Release|Any CPU.Build.0 = Release|Any CPU
		{BF5C3721-BA1C-455B-82F4-2E674444CEAB}.Debug|Any CPU.ActiveCfg = Debug|Any CPU
		{BF5C3721-BA1C-455B-82F4-2E674444CEAB}.Debug|Any CPU.Build.0 = Debug|Any CPU
		{BF5C3721-BA1C-455B-82F4-2E674444CEAB}.Release|Any CPU.ActiveCfg = Release|Any CPU
		{BF5C3721-BA1C-455B-82F4-2E674444CEAB}.Release|Any CPU.Build.0 = Release|Any CPU
		{5D38D3F1-B563-4C7E-91C4-DAE1FFBEF2D2}.Debug|Any CPU.ActiveCfg = Debug|Any CPU
		{5D38D3F1-B563-4C7E-91C4-DAE1FFBEF2D2}.Debug|Any CPU.Build.0 = Debug|Any CPU
		{5D38D3F1-B563-4C7E-91C4-DAE1FFBEF2D2}.Release|Any CPU.ActiveCfg = Release|Any CPU
		{5D38D3F1-B563-4C7E-91C4-DAE1FFBEF2D2}.Release|Any CPU.Build.0 = Release|Any CPU
		{8886C29B-793E-4BC4-9AA3-E272A7827E4A}.Debug|Any CPU.ActiveCfg = Debug|Any CPU
		{8886C29B-793E-4BC4-9AA3-E272A7827E4A}.Debug|Any CPU.Build.0 = Debug|Any CPU
		{8886C29B-793E-4BC4-9AA3-E272A7827E4A}.Release|Any CPU.ActiveCfg = Release|Any CPU
		{8886C29B-793E-4BC4-9AA3-E272A7827E4A}.Release|Any CPU.Build.0 = Release|Any CPU
		{DFACA3F5-BF4C-4BDB-A85F-57ADE908DA9E}.Debug|Any CPU.ActiveCfg = Debug|Any CPU
		{DFACA3F5-BF4C-4BDB-A85F-57ADE908DA9E}.Debug|Any CPU.Build.0 = Debug|Any CPU
		{DFACA3F5-BF4C-4BDB-A85F-57ADE908DA9E}.Release|Any CPU.ActiveCfg = Release|Any CPU
		{DFACA3F5-BF4C-4BDB-A85F-57ADE908DA9E}.Release|Any CPU.Build.0 = Release|Any CPU
		{09DDF4DC-DC47-4E0C-ABB4-E479625F2532}.Debug|Any CPU.ActiveCfg = Debug|Any CPU
		{09DDF4DC-DC47-4E0C-ABB4-E479625F2532}.Debug|Any CPU.Build.0 = Debug|Any CPU
		{09DDF4DC-DC47-4E0C-ABB4-E479625F2532}.Release|Any CPU.ActiveCfg = Release|Any CPU
		{09DDF4DC-DC47-4E0C-ABB4-E479625F2532}.Release|Any CPU.Build.0 = Release|Any CPU
		{FE21799B-CD31-4BC3-9665-588ABEBA95F2}.Debug|Any CPU.ActiveCfg = Debug|Any CPU
		{FE21799B-CD31-4BC3-9665-588ABEBA95F2}.Debug|Any CPU.Build.0 = Debug|Any CPU
		{FE21799B-CD31-4BC3-9665-588ABEBA95F2}.Release|Any CPU.ActiveCfg = Release|Any CPU
		{FE21799B-CD31-4BC3-9665-588ABEBA95F2}.Release|Any CPU.Build.0 = Release|Any CPU
		{65BD9B5F-F4E1-4E16-AE2F-A4E96A1CB287}.Debug|Any CPU.ActiveCfg = Debug|Any CPU
		{65BD9B5F-F4E1-4E16-AE2F-A4E96A1CB287}.Debug|Any CPU.Build.0 = Debug|Any CPU
		{65BD9B5F-F4E1-4E16-AE2F-A4E96A1CB287}.Release|Any CPU.ActiveCfg = Release|Any CPU
		{65BD9B5F-F4E1-4E16-AE2F-A4E96A1CB287}.Release|Any CPU.Build.0 = Release|Any CPU
		{4E000B7F-B95B-44A4-9C40-0F70380817B6}.Debug|Any CPU.ActiveCfg = Debug|Any CPU
		{4E000B7F-B95B-44A4-9C40-0F70380817B6}.Debug|Any CPU.Build.0 = Debug|Any CPU
		{4E000B7F-B95B-44A4-9C40-0F70380817B6}.Release|Any CPU.ActiveCfg = Release|Any CPU
		{4E000B7F-B95B-44A4-9C40-0F70380817B6}.Release|Any CPU.Build.0 = Release|Any CPU
	EndGlobalSection
	GlobalSection(SolutionProperties) = preSolution
		HideSolutionNode = FALSE
	EndGlobalSection
	GlobalSection(ExtensibilityGlobals) = postSolution
		SolutionGuid = {1EE47A94-9099-43B4-BB95-FF4C07E70AA3}
	EndGlobalSection
EndGlobal
