
Microsoft Visual Studio Solution File, Format Version 12.00
# Visual Studio Version 16
VisualStudioVersion = 16.0.29806.167
MinimumVisualStudioVersion = 10.0.40219.1
Project("{FAE04EC0-301F-11D3-BF4B-00C04F79EFBC}") = "M1HelloWorld", "m0HelloWorld\M1HelloWorld.csproj", "{70BFD2F0-35A5-4586-94A6-DF80D3936B08}"
EndProject
Project("{FAE04EC0-301F-11D3-BF4B-00C04F79EFBC}") = "DConsole", "DConsole\DConsole.csproj", "{3FE23C48-B4F5-452B-B60D-59626C93F41C}"
EndProject
Project("{FAE04EC0-301F-11D3-BF4B-00C04F79EFBC}") = "Dbool", "Dbool\Dbool.csproj", "{C362DCFC-54BF-4038-B928-AAB76D2E5E67}"
EndProject
Project("{FAE04EC0-301F-11D3-BF4B-00C04F79EFBC}") = "Dstring", "Dstring\Dstring.csproj", "{C14D6851-8469-4C1E-A9BB-F151725BD14B}"
EndProject
Project("{FAE04EC0-301F-11D3-BF4B-00C04F79EFBC}") = "Dint", "Dint\Dint.csproj", "{96EF3FB2-0577-4490-85E1-974752CCA658}"
EndProject
Project("{FAE04EC0-301F-11D3-BF4B-00C04F79EFBC}") = "M2MiniRechner", "M2MiniRechner\M2MiniRechner.csproj", "{3AB05591-6BC8-49BF-A9DC-7AC976543AFB}"
EndProject
Project("{FAE04EC0-301F-11D3-BF4B-00C04F79EFBC}") = "DArray", "DArray\DArray.csproj", "{52087C4A-8473-41E3-A38E-49BD9F6097A4}"
EndProject
Project("{FAE04EC0-301F-11D3-BF4B-00C04F79EFBC}") = "M3Zahlenratespiel", "M3Zahlenratespiel\M3Zahlenratespiel.csproj", "{516B1909-3710-4E4E-BA61-0547759FC1DA}"
EndProject
Project("{FAE04EC0-301F-11D3-BF4B-00C04F79EFBC}") = "Ddouble", "Ddouble\Ddouble.csproj", "{3AD2CA75-9721-4323-80C5-837D54CEF876}"
EndProject
Project("{FAE04EC0-301F-11D3-BF4B-00C04F79EFBC}") = "Denum", "Denum\Denum.csproj", "{56FD7794-6183-43F9-A0AF-4B8E85B8C4AB}"
EndProject
Project("{FAE04EC0-301F-11D3-BF4B-00C04F79EFBC}") = "DMethods", "DMethods\DMethods.csproj", "{946E3551-6880-42D9-9CC5-C3BEFE9B0554}"
EndProject
Project("{FAE04EC0-301F-11D3-BF4B-00C04F79EFBC}") = "DClass", "DClass\DClass.csproj", "{7DCC235E-4CFC-45E2-A069-52145D03F071}"
EndProject
Project("{FAE04EC0-301F-11D3-BF4B-00C04F79EFBC}") = "DUseClass", "DUseClass\DUseClass.csproj", "{53A6D153-E223-4BA0-B0E5-EF86DB1C5A5C}"
EndProject
Global
	GlobalSection(SolutionConfigurationPlatforms) = preSolution
		Debug|Any CPU = Debug|Any CPU
		Release|Any CPU = Release|Any CPU
	EndGlobalSection
	GlobalSection(ProjectConfigurationPlatforms) = postSolution
		{70BFD2F0-35A5-4586-94A6-DF80D3936B08}.Debug|Any CPU.ActiveCfg = Debug|Any CPU
		{70BFD2F0-35A5-4586-94A6-DF80D3936B08}.Debug|Any CPU.Build.0 = Debug|Any CPU
		{70BFD2F0-35A5-4586-94A6-DF80D3936B08}.Release|Any CPU.ActiveCfg = Release|Any CPU
		{70BFD2F0-35A5-4586-94A6-DF80D3936B08}.Release|Any CPU.Build.0 = Release|Any CPU
		{3FE23C48-B4F5-452B-B60D-59626C93F41C}.Debug|Any CPU.ActiveCfg = Debug|Any CPU
		{3FE23C48-B4F5-452B-B60D-59626C93F41C}.Debug|Any CPU.Build.0 = Debug|Any CPU
		{3FE23C48-B4F5-452B-B60D-59626C93F41C}.Release|Any CPU.ActiveCfg = Release|Any CPU
		{3FE23C48-B4F5-452B-B60D-59626C93F41C}.Release|Any CPU.Build.0 = Release|Any CPU
		{C362DCFC-54BF-4038-B928-AAB76D2E5E67}.Debug|Any CPU.ActiveCfg = Debug|Any CPU
		{C362DCFC-54BF-4038-B928-AAB76D2E5E67}.Debug|Any CPU.Build.0 = Debug|Any CPU
		{C362DCFC-54BF-4038-B928-AAB76D2E5E67}.Release|Any CPU.ActiveCfg = Release|Any CPU
		{C362DCFC-54BF-4038-B928-AAB76D2E5E67}.Release|Any CPU.Build.0 = Release|Any CPU
		{C14D6851-8469-4C1E-A9BB-F151725BD14B}.Debug|Any CPU.ActiveCfg = Debug|Any CPU
		{C14D6851-8469-4C1E-A9BB-F151725BD14B}.Debug|Any CPU.Build.0 = Debug|Any CPU
		{C14D6851-8469-4C1E-A9BB-F151725BD14B}.Release|Any CPU.ActiveCfg = Release|Any CPU
		{C14D6851-8469-4C1E-A9BB-F151725BD14B}.Release|Any CPU.Build.0 = Release|Any CPU
		{96EF3FB2-0577-4490-85E1-974752CCA658}.Debug|Any CPU.ActiveCfg = Debug|Any CPU
		{96EF3FB2-0577-4490-85E1-974752CCA658}.Debug|Any CPU.Build.0 = Debug|Any CPU
		{96EF3FB2-0577-4490-85E1-974752CCA658}.Release|Any CPU.ActiveCfg = Release|Any CPU
		{96EF3FB2-0577-4490-85E1-974752CCA658}.Release|Any CPU.Build.0 = Release|Any CPU
		{3AB05591-6BC8-49BF-A9DC-7AC976543AFB}.Debug|Any CPU.ActiveCfg = Debug|Any CPU
		{3AB05591-6BC8-49BF-A9DC-7AC976543AFB}.Debug|Any CPU.Build.0 = Debug|Any CPU
		{3AB05591-6BC8-49BF-A9DC-7AC976543AFB}.Release|Any CPU.ActiveCfg = Release|Any CPU
		{3AB05591-6BC8-49BF-A9DC-7AC976543AFB}.Release|Any CPU.Build.0 = Release|Any CPU
		{52087C4A-8473-41E3-A38E-49BD9F6097A4}.Debug|Any CPU.ActiveCfg = Debug|Any CPU
		{52087C4A-8473-41E3-A38E-49BD9F6097A4}.Debug|Any CPU.Build.0 = Debug|Any CPU
		{52087C4A-8473-41E3-A38E-49BD9F6097A4}.Release|Any CPU.ActiveCfg = Release|Any CPU
		{52087C4A-8473-41E3-A38E-49BD9F6097A4}.Release|Any CPU.Build.0 = Release|Any CPU
		{516B1909-3710-4E4E-BA61-0547759FC1DA}.Debug|Any CPU.ActiveCfg = Debug|Any CPU
		{516B1909-3710-4E4E-BA61-0547759FC1DA}.Debug|Any CPU.Build.0 = Debug|Any CPU
		{516B1909-3710-4E4E-BA61-0547759FC1DA}.Release|Any CPU.ActiveCfg = Release|Any CPU
		{516B1909-3710-4E4E-BA61-0547759FC1DA}.Release|Any CPU.Build.0 = Release|Any CPU
		{3AD2CA75-9721-4323-80C5-837D54CEF876}.Debug|Any CPU.ActiveCfg = Debug|Any CPU
		{3AD2CA75-9721-4323-80C5-837D54CEF876}.Debug|Any CPU.Build.0 = Debug|Any CPU
		{3AD2CA75-9721-4323-80C5-837D54CEF876}.Release|Any CPU.ActiveCfg = Release|Any CPU
		{3AD2CA75-9721-4323-80C5-837D54CEF876}.Release|Any CPU.Build.0 = Release|Any CPU
		{56FD7794-6183-43F9-A0AF-4B8E85B8C4AB}.Debug|Any CPU.ActiveCfg = Debug|Any CPU
		{56FD7794-6183-43F9-A0AF-4B8E85B8C4AB}.Debug|Any CPU.Build.0 = Debug|Any CPU
		{56FD7794-6183-43F9-A0AF-4B8E85B8C4AB}.Release|Any CPU.ActiveCfg = Release|Any CPU
		{56FD7794-6183-43F9-A0AF-4B8E85B8C4AB}.Release|Any CPU.Build.0 = Release|Any CPU
		{946E3551-6880-42D9-9CC5-C3BEFE9B0554}.Debug|Any CPU.ActiveCfg = Debug|Any CPU
		{946E3551-6880-42D9-9CC5-C3BEFE9B0554}.Debug|Any CPU.Build.0 = Debug|Any CPU
		{946E3551-6880-42D9-9CC5-C3BEFE9B0554}.Release|Any CPU.ActiveCfg = Release|Any CPU
		{946E3551-6880-42D9-9CC5-C3BEFE9B0554}.Release|Any CPU.Build.0 = Release|Any CPU
		{7DCC235E-4CFC-45E2-A069-52145D03F071}.Debug|Any CPU.ActiveCfg = Debug|Any CPU
		{7DCC235E-4CFC-45E2-A069-52145D03F071}.Debug|Any CPU.Build.0 = Debug|Any CPU
		{7DCC235E-4CFC-45E2-A069-52145D03F071}.Release|Any CPU.ActiveCfg = Release|Any CPU
		{7DCC235E-4CFC-45E2-A069-52145D03F071}.Release|Any CPU.Build.0 = Release|Any CPU
		{53A6D153-E223-4BA0-B0E5-EF86DB1C5A5C}.Debug|Any CPU.ActiveCfg = Debug|Any CPU
		{53A6D153-E223-4BA0-B0E5-EF86DB1C5A5C}.Debug|Any CPU.Build.0 = Debug|Any CPU
		{53A6D153-E223-4BA0-B0E5-EF86DB1C5A5C}.Release|Any CPU.ActiveCfg = Release|Any CPU
		{53A6D153-E223-4BA0-B0E5-EF86DB1C5A5C}.Release|Any CPU.Build.0 = Release|Any CPU
	EndGlobalSection
	GlobalSection(SolutionProperties) = preSolution
		HideSolutionNode = FALSE
	EndGlobalSection
	GlobalSection(ExtensibilityGlobals) = postSolution
		SolutionGuid = {1EE47A94-9099-43B4-BB95-FF4C07E70AA3}
	EndGlobalSection
EndGlobal
